
Microsoft Visual Studio Solution File, Format Version 12.00
# Visual Studio Version 16
VisualStudioVersion = 16.0.32802.440
MinimumVisualStudioVersion = 10.0.40219.1
Project("{8BC9CEB8-8B4A-11D0-8D11-00A0C91BC942}") = "LabNo2_SergioCardona_1222419", "LabNo2_SergioCardona_1222419\LabNo2_SergioCardona_1222419.vcxproj", "{9D25319D-71B3-4F1A-913D-82F852233E8A}"
EndProject
Global
	GlobalSection(SolutionConfigurationPlatforms) = preSolution
		Debug|x64 = Debug|x64
		Debug|x86 = Debug|x86
		Release|x64 = Release|x64
		Release|x86 = Release|x86
	EndGlobalSection
	GlobalSection(ProjectConfigurationPlatforms) = postSolution
		{9D25319D-71B3-4F1A-913D-82F852233E8A}.Debug|x64.ActiveCfg = Debug|x64
		{9D25319D-71B3-4F1A-913D-82F852233E8A}.Debug|x64.Build.0 = Debug|x64
		{9D25319D-71B3-4F1A-913D-82F852233E8A}.Debug|x86.ActiveCfg = Debug|Win32
		{9D25319D-71B3-4F1A-913D-82F852233E8A}.Debug|x86.Build.0 = Debug|Win32
		{9D25319D-71B3-4F1A-913D-82F852233E8A}.Release|x64.ActiveCfg = Release|x64
		{9D25319D-71B3-4F1A-913D-82F852233E8A}.Release|x64.Build.0 = Release|x64
		{9D25319D-71B3-4F1A-913D-82F852233E8A}.Release|x86.ActiveCfg = Release|Win32
		{9D25319D-71B3-4F1A-913D-82F852233E8A}.Release|x86.Build.0 = Release|Win32
	EndGlobalSection
	GlobalSection(SolutionProperties) = preSolution
		HideSolutionNode = FALSE
	EndGlobalSection
	GlobalSection(ExtensibilityGlobals) = postSolution
		SolutionGuid = {E1F5D066-786D-435D-884B-BFA17B133397}
	EndGlobalSection
EndGlobal
